<?xml version="1.0" encoding="utf-8"?>
<Project ToolsVersion="4.0" xmlns="http://schemas.microsoft.com/developer/msbuild/2003">
  <ItemGroup>
    <Filter Include="Source Files">
      <UniqueIdentifier>{4FC737F1-C7A5-4376-A066-2A32D752A2FF}</UniqueIdentifier>
      <Extensions>cpp;c;cc;cxx;c++;cppm;ixx;def;odl;idl;hpj;bat;asm;asmx</Extensions>
    </Filter>
    <Filter Include="Header Files">
      <UniqueIdentifier>{93995380-89BD-4b04-88EB-625FBE52EBFB}</UniqueIdentifier>
      <Extensions>h;hh;hpp;hxx;h++;hm;inl;inc;ipp;xsd</Extensions>
    </Filter>
    <Filter Include="Resource Files">
      <UniqueIdentifier>{67DA6AB6-F800-4c08-8B7A-83BB121AAD01}</UniqueIdentifier>
      <Extensions>rc;ico;cur;bmp;dlg;rc2;rct;bin;rgs;gif;jpg;jpeg;jpe;resx;tiff;tif;png;wav;mfcribbon-ms</Extensions>
    </Filter>
    <Filter Include="Trees">
      <UniqueIdentifier>{50a8fc27-bee7-48b9-bf57-a39d7df8ee19}</UniqueIdentifier>
    </Filter>
    <Filter Include="Commands">
      <UniqueIdentifier>{3e876b66-8627-4b11-a0a6-c20e331f2e38}</UniqueIdentifier>
    </Filter>
    <Filter Include="Utils">
      <UniqueIdentifier>{7169ec54-c727-4909-868e-41904d3983c1}</UniqueIdentifier>
    </Filter>
  </ItemGroup>
  <ItemGroup>
    <ClCompile Include="source.cpp">
      <Filter>Source Files</Filter>
    </ClCompile>
    <ClCompile Include="BTree.h">
      <Filter>Trees</Filter>
    </ClCompile>
  </ItemGroup>
  <ItemGroup>
    <ClInclude Include="AVL.h">
      <Filter>Trees</Filter>
    </ClInclude>
    <ClInclude Include="RedBlack.h">
      <Filter>Trees</Filter>
    </ClInclude>
    <ClInclude Include="Repository.h">
      <Filter>Utils</Filter>
    </ClInclude>
    <ClInclude Include="Tree.h">
      <Filter>Trees</Filter>
    </ClInclude>
    <ClInclude Include="Map.h">
      <Filter>Utils</Filter>
    </ClInclude>
    <ClInclude Include="LRUCache.h">
      <Filter>Utils</Filter>
    </ClInclude>
    <ClInclude Include="Merkle.h">
      <Filter>Trees</Filter>
    </ClInclude>
  </ItemGroup>
</Project>